
Microsoft Visual Studio Solution File, Format Version 12.00
# Visual Studio Version 17
VisualStudioVersion = 17.3.32929.385
MinimumVisualStudioVersion = 10.0.40219.1
Project("{FAE04EC0-301F-11D3-BF4B-00C04F79EFBC}") = "my-booksReal", "my-booksReal\my-booksReal.csproj", "{18605F6C-F903-44F4-90B0-DAE0AEFC7382}"
EndProject
Global
	GlobalSection(SolutionConfigurationPlatforms) = preSolution
		Debug|Any CPU = Debug|Any CPU
		Release|Any CPU = Release|Any CPU
	EndGlobalSection
	GlobalSection(ProjectConfigurationPlatforms) = postSolution
		{18605F6C-F903-44F4-90B0-DAE0AEFC7382}.Debug|Any CPU.ActiveCfg = Debug|Any CPU
		{18605F6C-F903-44F4-90B0-DAE0AEFC7382}.Debug|Any CPU.Build.0 = Debug|Any CPU
		{18605F6C-F903-44F4-90B0-DAE0AEFC7382}.Release|Any CPU.ActiveCfg = Release|Any CPU
		{18605F6C-F903-44F4-90B0-DAE0AEFC7382}.Release|Any CPU.Build.0 = Release|Any CPU
	EndGlobalSection
	GlobalSection(SolutionProperties) = preSolution
		HideSolutionNode = FALSE
	EndGlobalSection
	GlobalSection(ExtensibilityGlobals) = postSolution
		SolutionGuid = {F1FFFF89-74A8-445C-AF35-3B18507B5BA3}
	EndGlobalSection
EndGlobal
